
Microsoft Visual Studio Solution File, Format Version 12.00
# Visual Studio Version 16
VisualStudioVersion = 16.0.29230.47
MinimumVisualStudioVersion = 10.0.40219.1
Project("{FAE04EC0-301F-11D3-BF4B-00C04F79EFBC}") = "FieldTrainingFacility173", "FieldTrainingFacility173.csproj", "{F1E7665D-05FE-4267-85E8-FDA6D510628E}"
EndProject
Project("{2150E333-8FDC-42A3-9474-1A3956D46DE8}") = "SolutionItems", "SolutionItems", "{51AF6BFB-F283-4724-872A-697C6B8F28D5}"
	ProjectSection(SolutionItems) = preProject
		..\_buildRelease.bat = ..\_buildRelease.bat
		..\_deploy.bat = ..\_deploy.bat
		..\FieldTrainingFacility.version = ..\FieldTrainingFacility.version
	EndProjectSection
EndProject
Global
	GlobalSection(SolutionConfigurationPlatforms) = preSolution
		Debug|Any CPU = Debug|Any CPU
		Release|Any CPU = Release|Any CPU
	EndGlobalSection
	GlobalSection(ProjectConfigurationPlatforms) = postSolution
		{F1E7665D-05FE-4267-85E8-FDA6D510628E}.Debug|Any CPU.ActiveCfg = Debug|Any CPU
		{F1E7665D-05FE-4267-85E8-FDA6D510628E}.Debug|Any CPU.Build.0 = Debug|Any CPU
		{F1E7665D-05FE-4267-85E8-FDA6D510628E}.Release|Any CPU.ActiveCfg = Release|Any CPU
		{F1E7665D-05FE-4267-85E8-FDA6D510628E}.Release|Any CPU.Build.0 = Release|Any CPU
	EndGlobalSection
	GlobalSection(SolutionProperties) = preSolution
		HideSolutionNode = FALSE
	EndGlobalSection
	GlobalSection(ExtensibilityGlobals) = postSolution
		SolutionGuid = {03E764AE-BC2A-4C97-8914-E3E2A36229B4}
	EndGlobalSection
EndGlobal
